
Microsoft Visual Studio Solution File, Format Version 12.00
# Visual Studio Version 17
VisualStudioVersion = 17.9.34607.119
MinimumVisualStudioVersion = 10.0.40219.1
Project("{9A19103F-16F7-4668-BE54-9A1E7A4F7556}") = "PTL.Data", "PTL.Data\PTL.Data.csproj", "{C742583F-85F5-4789-9F3B-50565BAD82D8}"
EndProject
Project("{9A19103F-16F7-4668-BE54-9A1E7A4F7556}") = "PTL.Entity", "PTL.Entity\PTL.Entity.csproj", "{13D89AA9-AC18-4392-99F5-859F8127BE00}"
EndProject
Project("{9A19103F-16F7-4668-BE54-9A1E7A4F7556}") = "PTL.Service", "PTL.Service\PTL.Service.csproj", "{348823A7-4EC4-414F-BDC1-22DDCC7CCBC5}"
EndProject
Project("{9A19103F-16F7-4668-BE54-9A1E7A4F7556}") = "RealERP.WEB", "RealERP.WEB\RealERP.WEB.csproj", "{7068D98F-E482-4F48-B3C1-114EC14E2D8F}"
EndProject
Global
	GlobalSection(SolutionConfigurationPlatforms) = preSolution
		Debug|Any CPU = Debug|Any CPU
		Release|Any CPU = Release|Any CPU
	EndGlobalSection
	GlobalSection(ProjectConfigurationPlatforms) = postSolution
		{C742583F-85F5-4789-9F3B-50565BAD82D8}.Debug|Any CPU.ActiveCfg = Debug|Any CPU
		{C742583F-85F5-4789-9F3B-50565BAD82D8}.Debug|Any CPU.Build.0 = Debug|Any CPU
		{C742583F-85F5-4789-9F3B-50565BAD82D8}.Release|Any CPU.ActiveCfg = Release|Any CPU
		{C742583F-85F5-4789-9F3B-50565BAD82D8}.Release|Any CPU.Build.0 = Release|Any CPU
		{13D89AA9-AC18-4392-99F5-859F8127BE00}.Debug|Any CPU.ActiveCfg = Debug|Any CPU
		{13D89AA9-AC18-4392-99F5-859F8127BE00}.Debug|Any CPU.Build.0 = Debug|Any CPU
		{13D89AA9-AC18-4392-99F5-859F8127BE00}.Release|Any CPU.ActiveCfg = Release|Any CPU
		{13D89AA9-AC18-4392-99F5-859F8127BE00}.Release|Any CPU.Build.0 = Release|Any CPU
		{348823A7-4EC4-414F-BDC1-22DDCC7CCBC5}.Debug|Any CPU.ActiveCfg = Debug|Any CPU
		{348823A7-4EC4-414F-BDC1-22DDCC7CCBC5}.Debug|Any CPU.Build.0 = Debug|Any CPU
		{348823A7-4EC4-414F-BDC1-22DDCC7CCBC5}.Release|Any CPU.ActiveCfg = Release|Any CPU
		{348823A7-4EC4-414F-BDC1-22DDCC7CCBC5}.Release|Any CPU.Build.0 = Release|Any CPU
		{7068D98F-E482-4F48-B3C1-114EC14E2D8F}.Debug|Any CPU.ActiveCfg = Debug|Any CPU
		{7068D98F-E482-4F48-B3C1-114EC14E2D8F}.Debug|Any CPU.Build.0 = Debug|Any CPU
		{7068D98F-E482-4F48-B3C1-114EC14E2D8F}.Release|Any CPU.ActiveCfg = Release|Any CPU
		{7068D98F-E482-4F48-B3C1-114EC14E2D8F}.Release|Any CPU.Build.0 = Release|Any CPU
	EndGlobalSection
	GlobalSection(SolutionProperties) = preSolution
		HideSolutionNode = FALSE
	EndGlobalSection
	GlobalSection(ExtensibilityGlobals) = postSolution
		SolutionGuid = {847AEF19-484B-4D2A-86F5-DC42FAF3B2CF}
	EndGlobalSection
EndGlobal
